
Microsoft Visual Studio Solution File, Format Version 12.00
# Visual Studio Version 16
VisualStudioVersion = 16.0.33927.289
MinimumVisualStudioVersion = 10.0.40219.1
Project("{FAE04EC0-301F-11D3-BF4B-00C04F79EFBC}") = "CRUD.WebForm", "CRUD.WebForm\CRUD.WebForm.csproj", "{5A6B2A6F-0101-4B2B-8B02-EC847DD938F0}"
EndProject
Project("{FAE04EC0-301F-11D3-BF4B-00C04F79EFBC}") = "CRUD.EntityLayer", "CRUD.EntityLayer\CRUD.EntityLayer.csproj", "{86FB6A2B-7C5B-4FAE-B7E0-C73B98AB201C}"
EndProject
Project("{FAE04EC0-301F-11D3-BF4B-00C04F79EFBC}") = "CRUD.DataLayer", "CRUD.DataLayer\CRUD.DataLayer.csproj", "{3FD05527-E32A-48F3-978D-6C33C29EC156}"
EndProject
Project("{FAE04EC0-301F-11D3-BF4B-00C04F79EFBC}") = "CRUD.BusinessLayer", "CRUD.BusinessLayer\CRUD.BusinessLayer.csproj", "{95621895-A45D-4868-BF8B-0600E573C5E6}"
EndProject
Global
	GlobalSection(SolutionConfigurationPlatforms) = preSolution
		Debug|Any CPU = Debug|Any CPU
		Release|Any CPU = Release|Any CPU
	EndGlobalSection
	GlobalSection(ProjectConfigurationPlatforms) = postSolution
		{5A6B2A6F-0101-4B2B-8B02-EC847DD938F0}.Debug|Any CPU.ActiveCfg = Debug|Any CPU
		{5A6B2A6F-0101-4B2B-8B02-EC847DD938F0}.Debug|Any CPU.Build.0 = Debug|Any CPU
		{5A6B2A6F-0101-4B2B-8B02-EC847DD938F0}.Release|Any CPU.ActiveCfg = Release|Any CPU
		{5A6B2A6F-0101-4B2B-8B02-EC847DD938F0}.Release|Any CPU.Build.0 = Release|Any CPU
		{86FB6A2B-7C5B-4FAE-B7E0-C73B98AB201C}.Debug|Any CPU.ActiveCfg = Debug|Any CPU
		{86FB6A2B-7C5B-4FAE-B7E0-C73B98AB201C}.Debug|Any CPU.Build.0 = Debug|Any CPU
		{86FB6A2B-7C5B-4FAE-B7E0-C73B98AB201C}.Release|Any CPU.ActiveCfg = Release|Any CPU
		{86FB6A2B-7C5B-4FAE-B7E0-C73B98AB201C}.Release|Any CPU.Build.0 = Release|Any CPU
		{3FD05527-E32A-48F3-978D-6C33C29EC156}.Debug|Any CPU.ActiveCfg = Debug|Any CPU
		{3FD05527-E32A-48F3-978D-6C33C29EC156}.Debug|Any CPU.Build.0 = Debug|Any CPU
		{3FD05527-E32A-48F3-978D-6C33C29EC156}.Release|Any CPU.ActiveCfg = Release|Any CPU
		{3FD05527-E32A-48F3-978D-6C33C29EC156}.Release|Any CPU.Build.0 = Release|Any CPU
		{95621895-A45D-4868-BF8B-0600E573C5E6}.Debug|Any CPU.ActiveCfg = Debug|Any CPU
		{95621895-A45D-4868-BF8B-0600E573C5E6}.Debug|Any CPU.Build.0 = Debug|Any CPU
		{95621895-A45D-4868-BF8B-0600E573C5E6}.Release|Any CPU.ActiveCfg = Release|Any CPU
		{95621895-A45D-4868-BF8B-0600E573C5E6}.Release|Any CPU.Build.0 = Release|Any CPU
	EndGlobalSection
	GlobalSection(SolutionProperties) = preSolution
		HideSolutionNode = FALSE
	EndGlobalSection
	GlobalSection(ExtensibilityGlobals) = postSolution
		SolutionGuid = {C7F6C53A-3ACF-4EDF-BD16-411107CEE483}
	EndGlobalSection
EndGlobal
